// !$*UTF8*$!
{
	archiveVersion = 1;
	classes = {
	};
	objectVersion = 46;
	objects = {

/* Begin PBXBuildFile section */
		7B17C4EE1A76F6950061BFDA /* AppDelegate.swift in Sources */ = {isa = PBXBuildFile; fileRef = 7B17C4ED1A76F6950061BFDA /* AppDelegate.swift */; };
		7B17C4F11A76F6950061BFDA /* Temp.xcdatamodeld in Sources */ = {isa = PBXBuildFile; fileRef = 7B17C4EF1A76F6950061BFDA /* Temp.xcdatamodeld */; };
		7B17C4F31A76F6950061BFDA /* ViewController.swift in Sources */ = {isa = PBXBuildFile; fileRef = 7B17C4F21A76F6950061BFDA /* ViewController.swift */; };
		7B17C4F61A76F6950061BFDA /* Main.storyboard in Resources */ = {isa = PBXBuildFile; fileRef = 7B17C4F41A76F6950061BFDA /* Main.storyboard */; };
		7B17C4F81A76F6950061BFDA /* Images.xcassets in Resources */ = {isa = PBXBuildFile; fileRef = 7B17C4F71A76F6950061BFDA /* Images.xcassets */; };
		7B17C4FB1A76F6950061BFDA /* LaunchScreen.xib in Resources */ = {isa = PBXBuildFile; fileRef = 7B17C4F91A76F6950061BFDA /* LaunchScreen.xib */; };
		7B17C5071A76F6950061BFDA /* TempTests.swift in Sources */ = {isa = PBXBuildFile; fileRef = 7B17C5061A76F6950061BFDA /* TempTests.swift */; };
/* End PBXBuildFile section */

/* Begin PBXContainerItemProxy section */
		7B17C5011A76F6950061BFDA /* PBXContainerItemProxy */ = {
			isa = PBXContainerItemProxy;
			containerPortal = 7B17C4E01A76F6950061BFDA /* Project object */;
			proxyType = 1;
			remoteGlobalIDString = 7B17C4E71A76F6950061BFDA;
			remoteInfo = Temp;
		};
/* End PBXContainerItemProxy section */

/* Begin PBXFileReference section */
		7B17C4E81A76F6950061BFDA /* Temp.app */ = {isa = PBXFileReference; explicitFileType = wrapper.application; includeInIndex = 0; path = Temp.app; sourceTree = BUILT_PRODUCTS_DIR; };
		7B17C4EC1A76F6950061BFDA /* Info.plist */ = {isa = PBXFileReference; lastKnownFileType = text.plist.xml; path = Info.plist; sourceTree = "<group>"; };
		7B17C4ED1A76F6950061BFDA /* AppDelegate.swift */ = {isa = PBXFileReference; lastKnownFileType = sourcecode.swift; path = AppDelegate.swift; sourceTree = "<group>"; };
		7B17C4F01A76F6950061BFDA /* Temp.xcdatamodel */ = {isa = PBXFileReference; lastKnownFileType = wrapper.xcdatamodel; path = Temp.xcdatamodel; sourceTree = "<group>"; };
		7B17C4F21A76F6950061BFDA /* ViewController.swift */ = {isa = PBXFileReference; lastKnownFileType = sourcecode.swift; path = ViewController.swift; sourceTree = "<group>"; };
		7B17C4F51A76F6950061BFDA /* Base */ = {isa = PBXFileReference; lastKnownFileType = file.storyboard; name = Base; path = Base.lproj/Main.storyboard; sourceTree = "<group>"; };
		7B17C4F71A76F6950061BFDA /* Images.xcassets */ = {isa = PBXFileReference; lastKnownFileType = folder.assetcatalog; path = Images.xcassets; sourceTree = "<group>"; };
		7B17C4FA1A76F6950061BFDA /* Base */ = {isa = PBXFileReference; lastKnownFileType = file.xib; name = Base; path = Base.lproj/LaunchScreen.xib; sourceTree = "<group>"; };
		7B17C5001A76F6950061BFDA /* TempTests.xctest */ = {isa = PBXFileReference; explicitFileType = wrapper.cfbundle; includeInIndex = 0; path = TempTests.xctest; sourceTree = BUILT_PRODUCTS_DIR; };
		7B17C5051A76F6950061BFDA /* Info.plist */ = {isa = PBXFileReference; lastKnownFileType = text.plist.xml; path = Info.plist; sourceTree = "<group>"; };
		7B17C5061A76F6950061BFDA /* TempTests.swift */ = {isa = PBXFileReference; lastKnownFileType = sourcecode.swift; path = TempTests.swift; sourceTree = "<group>"; };
/* End PBXFileReference section */

/* Begin PBXFrameworksBuildPhase section */
		7B17C4E51A76F6950061BFDA /* Frameworks */ = {
			isa = PBXFrameworksBuildPhase;
			buildActionMask = 2147483647;
			files = (
			);
			runOnlyForDeploymentPostprocessing = 0;
		};
		7B17C4FD1A76F6950061BFDA /* Frameworks */ = {
			isa = PBXFrameworksBuildPhase;
			buildActionMask = 2147483647;
			files = (
			);
			runOnlyForDeploymentPostprocessing = 0;
		};
/* End PBXFrameworksBuildPhase section */

/* Begin PBXGroup section */
		7B17C4DF1A76F6950061BFDA = {
			isa = PBXGroup;
			children = (
				7B17C4EA1A76F6950061BFDA /* Temp */,
				7B17C5031A76F6950061BFDA /* TempTests */,
				7B17C4E91A76F6950061BFDA /* Products */,
			);
			sourceTree = "<group>";
		};
		7B17C4E91A76F6950061BFDA /* Products */ = {
			isa = PBXGroup;
			children = (
				7B17C4E81A76F6950061BFDA /* Temp.app */,
				7B17C5001A76F6950061BFDA /* TempTests.xctest */,
			);
			name = Products;
			sourceTree = "<group>";
		};
		7B17C4EA1A76F6950061BFDA /* Temp */ = {
			isa = PBXGroup;
			children = (
				7B17C4ED1A76F6950061BFDA /* AppDelegate.swift */,
				7B17C4F21A76F6950061BFDA /* ViewController.swift */,
				7B17C4F41A76F6950061BFDA /* Main.storyboard */,
				7B17C4F71A76F6950061BFDA /* Images.xcassets */,
				7B17C4F91A76F6950061BFDA /* LaunchScreen.xib */,
				7B17C4EF1A76F6950061BFDA /* Temp.xcdatamodeld */,
				7B17C4EB1A76F6950061BFDA /* Supporting Files */,
			);
			path = Temp;
			sourceTree = "<group>";
		};
		7B17C4EB1A76F6950061BFDA /* Supporting Files */ = {
			isa = PBXGroup;
			children = (
				7B17C4EC1A76F6950061BFDA /* Info.plist */,
			);
			name = "Supporting Files";
			sourceTree = "<group>";
		};
		7B17C5031A76F6950061BFDA /* TempTests */ = {
			isa = PBXGroup;
			children = (
				7B17C5061A76F6950061BFDA /* TempTests.swift */,
				7B17C5041A76F6950061BFDA /* Supporting Files */,
			);
			path = TempTests;
			sourceTree = "<group>";
		};
		7B17C5041A76F6950061BFDA /* Supporting Files */ = {
			isa = PBXGroup;
			children = (
				7B17C5051A76F6950061BFDA /* Info.plist */,
			);
			name = "Supporting Files";
			sourceTree = "<group>";
		};
/* End PBXGroup section */

/* Begin PBXNativeTarget section */
		7B17C4E71A76F6950061BFDA /* Temp */ = {
			isa = PBXNativeTarget;
			buildConfigurationList = 7B17C50A1A76F6950061BFDA /* Build configuration list for PBXNativeTarget "Temp" */;
			buildPhases = (
				7B17C4E41A76F6950061BFDA /* Sources */,
				7B17C4E51A76F6950061BFDA /* Frameworks */,
				7B17C4E61A76F6950061BFDA /* Resources */,
			);
			buildRules = (
			);
			dependencies = (
			);
			name = Temp;
			productName = Temp;
			productReference = 7B17C4E81A76F6950061BFDA /* Temp.app */;
			productType = "com.apple.product-type.application";
		};
		7B17C4FF1A76F6950061BFDA /* TempTests */ = {
			isa = PBXNativeTarget;
			buildConfigurationList = 7B17C50D1A76F6950061BFDA /* Build configuration list for PBXNativeTarget "TempTests" */;
			buildPhases = (
				7B17C4FC1A76F6950061BFDA /* Sources */,
				7B17C4FD1A76F6950061BFDA /* Frameworks */,
				7B17C4FE1A76F6950061BFDA /* Resources */,
			);
			buildRules = (
			);
			dependencies = (
				7B17C5021A76F6950061BFDA /* PBXTargetDependency */,
			);
			name = TempTests;
			productName = TempTests;
			productReference = 7B17C5001A76F6950061BFDA /* TempTests.xctest */;
			productType = "com.apple.product-type.bundle.unit-test";
		};
/* End PBXNativeTarget section */

/* Begin PBXProject section */
		7B17C4E01A76F6950061BFDA /* Project object */ = {
			isa = PBXProject;
			attributes = {
				LastUpgradeCheck = 0610;
				ORGANIZATIONNAME = "Casa, Inc.";
				TargetAttributes = {
					7B17C4E71A76F6950061BFDA = {
						CreatedOnToolsVersion = 6.1.1;
					};
					7B17C4FF1A76F6950061BFDA = {
						CreatedOnToolsVersion = 6.1.1;
						TestTargetID = 7B17C4E71A76F6950061BFDA;
					};
				};
			};
			buildConfigurationList = 7B17C4E31A76F6950061BFDA /* Build configuration list for PBXProject "Temp" */;
			compatibilityVersion = "Xcode 3.2";
			developmentRegion = English;
			hasScannedForEncodings = 0;
			knownRegions = (
				en,
				Base,
			);
			mainGroup = 7B17C4DF1A76F6950061BFDA;
			productRefGroup = 7B17C4E91A76F6950061BFDA /* Products */;
			projectDirPath = "";
			projectRoot = "";
			targets = (
				7B17C4E71A76F6950061BFDA /* Temp */,
				7B17C4FF1A76F6950061BFDA /* TempTests */,
			);
		};
/* End PBXProject section */

/* Begin PBXResourcesBuildPhase section */
		7B17C4E61A76F6950061BFDA /* Resources */ = {
			isa = PBXResourcesBuildPhase;
			buildActionMask = 2147483647;
			files = (
				7B17C4F61A76F6950061BFDA /* Main.storyboard in Resources */,
				7B17C4FB1A76F6950061BFDA /* LaunchScreen.xib in Resources */,
				7B17C4F81A76F6950061BFDA /* Images.xcassets in Resources */,
			);
			runOnlyForDeploymentPostprocessing = 0;
		};
		7B17C4FE1A76F6950061BFDA /* Resources */ = {
			isa = PBXResourcesBuildPhase;
			buildActionMask = 2147483647;
			files = (
			);
			runOnlyForDeploymentPostprocessing = 0;
		};
/* End PBXResourcesBuildPhase section */

/* Begin PBXSourcesBuildPhase section */
		7B17C4E41A76F6950061BFDA /* Sources */ = {
			isa = PBXSourcesBuildPhase;
			buildActionMask = 2147483647;
			files = (
				7B17C4F31A76F6950061BFDA /* ViewController.swift in Sources */,
				7B17C4EE1A76F6950061BFDA /* AppDelegate.swift in Sources */,
				7B17C4F11A76F6950061BFDA /* Temp.xcdatamodeld in Sources */,
			);
			runOnlyForDeploymentPostprocessing = 0;
		};
		7B17C4FC1A76F6950061BFDA /* Sources */ = {
			isa = PBXSourcesBuildPhase;
			buildActionMask = 2147483647;
			files = (
				7B17C5071A76F6950061BFDA /* TempTests.swift in Sources */,
			);
			runOnlyForDeploymentPostprocessing = 0;
		};
/* End PBXSourcesBuildPhase section */

/* Begin PBXTargetDependency section */
		7B17C5021A76F6950061BFDA /* PBXTargetDependency */ = {
			isa = PBXTargetDependency;
			target = 7B17C4E71A76F6950061BFDA /* Temp */;
			targetProxy = 7B17C5011A76F6950061BFDA /* PBXContainerItemProxy */;
		};
/* End PBXTargetDependency section */

/* Begin PBXVariantGroup section */
		7B17C4F41A76F6950061BFDA /* Main.storyboard */ = {
			isa = PBXVariantGroup;
			children = (
				7B17C4F51A76F6950061BFDA /* Base */,
			);
			name = Main.storyboard;
			sourceTree = "<group>";
		};
		7B17C4F91A76F6950061BFDA /* LaunchScreen.xib */ = {
			isa = PBXVariantGroup;
			children = (
				7B17C4FA1A76F6950061BFDA /* Base */,
			);
			name = LaunchScreen.xib;
			sourceTree = "<group>";
		};
/* End PBXVariantGroup section */

/* Begin XCBuildConfiguration section */
		7B17C5081A76F6950061BFDA /* Debug */ = {
			isa = XCBuildConfiguration;
			buildSettings = {
				ALWAYS_SEARCH_USER_PATHS = NO;
				CLANG_CXX_LANGUAGE_STANDARD = "gnu++0x";
				CLANG_CXX_LIBRARY = "libc++";
				CLANG_ENABLE_MODULES = YES;
				CLANG_ENABLE_OBJC_ARC = YES;
				CLANG_WARN_BOOL_CONVERSION = YES;
				CLANG_WARN_CONSTANT_CONVERSION = YES;
				CLANG_WARN_DIRECT_OBJC_ISA_USAGE = YES_ERROR;
				CLANG_WARN_EMPTY_BODY = YES;
				CLANG_WARN_ENUM_CONVERSION = YES;
				CLANG_WARN_INT_CONVERSION = YES;
				CLANG_WARN_OBJC_ROOT_CLASS = YES_ERROR;
				CLANG_WARN_UNREACHABLE_CODE = YES;
				CLANG_WARN__DUPLICATE_METHOD_MATCH = YES;
				"CODE_SIGN_IDENTITY[sdk=iphoneos*]" = "iPhone Developer";
				COPY_PHASE_STRIP = NO;
				ENABLE_STRICT_OBJC_MSGSEND = YES;
				GCC_C_LANGUAGE_STANDARD = gnu99;
				GCC_DYNAMIC_NO_PIC = NO;
				GCC_OPTIMIZATION_LEVEL = 0;
				GCC_PREPROCESSOR_DEFINITIONS = (
					"DEBUG=1",
					"$(inherited)",
				);
				GCC_SYMBOLS_PRIVATE_EXTERN = NO;
				GCC_WARN_64_TO_32_BIT_CONVERSION = YES;
				GCC_WARN_ABOUT_RETURN_TYPE = YES_ERROR;
				GCC_WARN_UNDECLARED_SELECTOR = YES;
				GCC_WARN_UNINITIALIZED_AUTOS = YES_AGGRESSIVE;
				GCC_WARN_UNUSED_FUNCTION = YES;
				GCC_WARN_UNUSED_VARIABLE = YES;
				IPHONEOS_DEPLOYMENT_TARGET = 8.1;
				MTL_ENABLE_DEBUG_INFO = YES;
				ONLY_ACTIVE_ARCH = YES;
				SDKROOT = iphoneos;
				SWIFT_OPTIMIZATION_LEVEL = "-Onone";
			};
			name = Debug;
		};
		7B17C5091A76F6950061BFDA /* Release */ = {
			isa = XCBuildConfiguration;
			buildSettings = {
				ALWAYS_SEARCH_USER_PATHS = NO;
				CLANG_CXX_LANGUAGE_STANDARD = "gnu++0x";
				CLANG_CXX_LIBRARY = "libc++";
				CLANG_ENABLE_MODULES = YES;
				CLANG_ENABLE_OBJC_ARC = YES;
				CLANG_WARN_BOOL_CONVERSION = YES;
				CLANG_WARN_CONSTANT_CONVERSION = YES;
				CLANG_WARN_DIRECT_OBJC_ISA_USAGE = YES_ERROR;
				CLANG_WARN_EMPTY_BODY = YES;
				CLANG_WARN_ENUM_CONVERSION = YES;
				CLANG_WARN_INT_CONVERSION = YES;
				CLANG_WARN_OBJC_ROOT_CLASS = YES_ERROR;
				CLANG_WARN_UNREACHABLE_CODE = YES;
				CLANG_WARN__DUPLICATE_METHOD_MATCH = YES;
				"CODE_SIGN_IDENTITY[sdk=iphoneos*]" = "iPhone Developer";
				COPY_PHASE_STRIP = YES;
				ENABLE_NS_ASSERTIONS = NO;
				ENABLE_STRICT_OBJC_MSGSEND = YES;
				GCC_C_LANGUAGE_STANDARD = gnu99;
				GCC_WARN_64_TO_32_BIT_CONVERSION = YES;
				GCC_WARN_ABOUT_RETURN_TYPE = YES_ERROR;
				GCC_WARN_UNDECLARED_SELECTOR = YES;
				GCC_WARN_UNINITIALIZED_AUTOS = YES_AGGRESSIVE;
				GCC_WARN_UNUSED_FUNCTION = YES;
				GCC_WARN_UNUSED_VARIABLE = YES;
				IPHONEOS_DEPLOYMENT_TARGET = 8.1;
				MTL_ENABLE_DEBUG_INFO = NO;
				SDKROOT = iphoneos;
				VALIDATE_PRODUCT = YES;
			};
			name = Release;
		};
		7B17C50B1A76F6950061BFDA /* Debug */ = {
			isa = XCBuildConfiguration;
			buildSettings = {
				ASSETCATALOG_COMPILER_APPICON_NAME = AppIcon;
				INFOPLIST_FILE = Temp/Info.plist;
				LD_RUNPATH_SEARCH_PATHS = "$(inherited) @executable_path/Frameworks";
				PRODUCT_NAME = "$(TARGET_NAME)";
			};
			name = Debug;
		};
		7B17C50C1A76F6950061BFDA /* Release */ = {
			isa = XCBuildConfiguration;
			buildSettings = {
				ASSETCATALOG_COMPILER_APPICON_NAME = AppIcon;
				INFOPLIST_FILE = Temp/Info.plist;
				LD_RUNPATH_SEARCH_PATHS = "$(inherited) @executable_path/Frameworks";
				PRODUCT_NAME = "$(TARGET_NAME)";
			};
			name = Release;
		};
		7B17C50E1A76F6950061BFDA /* Debug */ = {
			isa = XCBuildConfiguration;
			buildSettings = {
				BUNDLE_LOADER = "$(TEST_HOST)";
				FRAMEWORK_SEARCH_PATHS = (
					"$(SDKROOT)/Developer/Library/Frameworks",
					"$(inherited)",
				);
				GCC_PREPROCESSOR_DEFINITIONS = (
					"DEBUG=1",
					"$(inherited)",
				);
				INFOPLIST_FILE = TempTests/Info.plist;
				LD_RUNPATH_SEARCH_PATHS = "$(inherited) @executable_path/Frameworks @loader_path/Frameworks";
				PRODUCT_NAME = "$(TARGET_NAME)";
				TEST_HOST = "$(BUILT_PRODUCTS_DIR)/Temp.app/Temp";
			};
			name = Debug;
		};
		7B17C50F1A76F6950061BFDA /* Release */ = {
			isa = XCBuildConfiguration;
			buildSettings = {
				BUNDLE_LOADER = "$(TEST_HOST)";
				FRAMEWORK_SEARCH_PATHS = (
					"$(SDKROOT)/Developer/Library/Frameworks",
					"$(inherited)",
				);
				INFOPLIST_FILE = TempTests/Info.plist;
				LD_RUNPATH_SEARCH_PATHS = "$(inherited) @executable_path/Frameworks @loader_path/Frameworks";
				PRODUCT_NAME = "$(TARGET_NAME)";
				TEST_HOST = "$(BUILT_PRODUCTS_DIR)/Temp.app/Temp";
			};
			name = Release;
		};
/* End XCBuildConfiguration section */

/* Begin XCConfigurationList section */
		7B17C4E31A76F6950061BFDA /* Build configuration list for PBXProject "Temp" */ = {
			isa = XCConfigurationList;
			buildConfigurations = (
				7B17C5081A76F6950061BFDA /* Debug */,
				7B17C5091A76F6950061BFDA /* Release */,
			);
			defaultConfigurationIsVisible = 0;
			defaultConfigurationName = Release;
		};
		7B17C50A1A76F6950061BFDA /* Build configuration list for PBXNativeTarget "Temp" */ = {
			isa = XCConfigurationList;
			buildConfigurations = (
				7B17C50B1A76F6950061BFDA /* Debug */,
				7B17C50C1A76F6950061BFDA /* Release */,
			);
			defaultConfigurationIsVisible = 0;
		};
		7B17C50D1A76F6950061BFDA /* Build configuration list for PBXNativeTarget "TempTests" */ = {
			isa = XCConfigurationList;
			buildConfigurations = (
				7B17C50E1A76F6950061BFDA /* Debug */,
				7B17C50F1A76F6950061BFDA /* Release */,
			);
			defaultConfigurationIsVisible = 0;
		};
/* End XCConfigurationList section */

/* Begin XCVersionGroup section */
		7B17C4EF1A76F6950061BFDA /* Temp.xcdatamodeld */ = {
			isa = XCVersionGroup;
			children = (
				7B17C4F01A76F6950061BFDA /* Temp.xcdatamodel */,
			);
			currentVersion = 7B17C4F01A76F6950061BFDA /* Temp.xcdatamodel */;
			path = Temp.xcdatamodeld;
			sourceTree = "<group>";
			versionGroupType = wrapper.xcdatamodel;
		};
/* End XCVersionGroup section */
	};
	rootObject = 7B17C4E01A76F6950061BFDA /* Project object */;
}
